<?xml version="1.0" encoding="utf-8"?>
<Project ToolsVersion="4.0" xmlns="http://schemas.microsoft.com/developer/msbuild/2003">
  <ItemGroup>
    <Filter Include="Source Files">
      <UniqueIdentifier>{4FC737F1-C7A5-4376-A066-2A32D752A2FF}</UniqueIdentifier>
      <Extensions>cpp;c;cc;cxx;def;odl;idl;hpj;bat;asm;asmx</Extensions>
    </Filter>
    <Filter Include="Header Files">
      <UniqueIdentifier>{93995380-89BD-4b04-88EB-625FBE52EBFB}</UniqueIdentifier>
      <Extensions>h;hh;hpp;hxx;hm;inl;inc;xsd</Extensions>
    </Filter>
    <Filter Include="Resource Files">
      <UniqueIdentifier>{67DA6AB6-F800-4c08-8B7A-83BB121AAD01}</UniqueIdentifier>
      <Extensions>rc;ico;cur;bmp;dlg;rc2;rct;bin;rgs;gif;jpg;jpeg;jpe;resx;tiff;tif;png;wav;mfcribbon-ms</Extensions>
    </Filter>
  </ItemGroup>
  <ItemGroup>
    <ClCompile Include="client\view.cpp">
      <Filter>Source Files</Filter>
    </ClCompile>
    <ClCompile Include="core\ChangeMap.cpp">
      <Filter>Source Files</Filter>
    </ClCompile>
    <ClCompile Include="core\GameState.cpp">
      <Filter>Source Files</Filter>
    </ClCompile>
    <ClCompile Include="core\JackalGame.cpp">
      <Filter>Source Files</Filter>
    </ClCompile>
    <ClCompile Include="core\main.cpp">
      <Filter>Source Files</Filter>
    </ClCompile>
    <ClCompile Include="core\Point.cpp">
      <Filter>Source Files</Filter>
    </ClCompile>
    <ClCompile Include="core\TimeState.cpp">
      <Filter>Source Files</Filter>
    </ClCompile>
    <ClCompile Include="main.cpp">
      <Filter>Source Files</Filter>
    </ClCompile>
    <ClCompile Include="core\Cell.cpp">
      <Filter>Source Files</Filter>
    </ClCompile>
    <ClCompile Include="client\window.cpp">
      <Filter>Source Files</Filter>
    </ClCompile>
    <ClCompile Include="client\gui.cpp">
      <Filter>Source Files</Filter>
    </ClCompile>
    <ClCompile Include="client\resources.cpp">
      <Filter>Source Files</Filter>
    </ClCompile>
    <ClCompile Include="client\field.cpp">
      <Filter>Source Files</Filter>
    </ClCompile>
    <ClCompile Include="client\app.cpp">
      <Filter>Source Files</Filter>
    </ClCompile>
    <ClCompile Include="client\geometry.cpp">
      <Filter>Source Files</Filter>
    </ClCompile>
    <ClCompile Include="client\sdl_wrapper.cpp">
      <Filter>Source Files</Filter>
    </ClCompile>
    <ClCompile Include="client\exceptions.cpp">
      <Filter>Source Files</Filter>
    </ClCompile>
    <ClCompile Include="client\input_events.cpp">
      <Filter>Source Files</Filter>
    </ClCompile>
    <ClCompile Include="client\log.cpp">
      <Filter>Source Files</Filter>
    </ClCompile>
    <ClCompile Include="client\client_game.cpp">
      <Filter>Source Files</Filter>
    </ClCompile>
  </ItemGroup>
  <ItemGroup>
    <ClInclude Include="client\view.hpp">
      <Filter>Header Files</Filter>
    </ClInclude>
    <ClInclude Include="core\Cell.h">
      <Filter>Header Files</Filter>
    </ClInclude>
    <ClInclude Include="core\ChangeMap.h">
      <Filter>Header Files</Filter>
    </ClInclude>
    <ClInclude Include="core\GameState.h">
      <Filter>Header Files</Filter>
    </ClInclude>
    <ClInclude Include="core\JackalGame.h">
      <Filter>Header Files</Filter>
    </ClInclude>
    <ClInclude Include="core\Pirate.h">
      <Filter>Header Files</Filter>
    </ClInclude>
    <ClInclude Include="core\Point.h">
      <Filter>Header Files</Filter>
    </ClInclude>
    <ClInclude Include="core\ResponseType.h">
      <Filter>Header Files</Filter>
    </ClInclude>
    <ClInclude Include="core\TimeState.h">
      <Filter>Header Files</Filter>
    </ClInclude>
    <ClInclude Include="client\window.hpp">
      <Filter>Header Files</Filter>
    </ClInclude>
    <ClInclude Include="client\gui.hpp">
      <Filter>Header Files</Filter>
    </ClInclude>
    <ClInclude Include="client\gui_element.hpp">
      <Filter>Header Files</Filter>
    </ClInclude>
    <ClInclude Include="client\resources.hpp">
      <Filter>Header Files</Filter>
    </ClInclude>
    <ClInclude Include="client\singleton.hpp">
      <Filter>Header Files</Filter>
    </ClInclude>
    <ClInclude Include="client\field.hpp">
      <Filter>Header Files</Filter>
    </ClInclude>
    <ClInclude Include="client\app.hpp">
      <Filter>Header Files</Filter>
    </ClInclude>
    <ClInclude Include="client\geometry.hpp">
      <Filter>Header Files</Filter>
    </ClInclude>
    <ClInclude Include="client\sdl_wrapper.hpp">
      <Filter>Header Files</Filter>
    </ClInclude>
    <ClInclude Include="client\exceptions.hpp">
      <Filter>Header Files</Filter>
    </ClInclude>
    <ClInclude Include="client\basic_geometry.hpp">
      <Filter>Header Files</Filter>
    </ClInclude>
    <ClInclude Include="client\input_events.hpp">
      <Filter>Header Files</Filter>
    </ClInclude>
    <ClInclude Include="client\log.hpp">
      <Filter>Header Files</Filter>
    </ClInclude>
    <ClInclude Include="client\client_game.hpp">
      <Filter>Header Files</Filter>
    </ClInclude>
  </ItemGroup>
  <ItemGroup>
    <Image Include="res\airplane.bmp">
      <Filter>Resource Files</Filter>
    </Image>
    <Image Include="res\baloon.bmp">
      <Filter>Resource Files</Filter>
    </Image>
    <Image Include="res\cannibal.bmp">
      <Filter>Resource Files</Filter>
    </Image>
    <Image Include="res\closed.bmp">
      <Filter>Resource Files</Filter>
    </Image>
    <Image Include="res\crocodile.bmp">
      <Filter>Resource Files</Filter>
    </Image>
    <Image Include="res\difficult_terrain.bmp">
      <Filter>Resource Files</Filter>
    </Image>
    <Image Include="res\fort.bmp">
      <Filter>Resource Files</Filter>
    </Image>
    <Image Include="res\grass.bmp">
      <Filter>Resource Files</Filter>
    </Image>
    <Image Include="res\horse.bmp">
      <Filter>Resource Files</Filter>
    </Image>
    <Image Include="res\ice.bmp">
      <Filter>Resource Files</Filter>
    </Image>
    <Image Include="res\meadow.bmp">
      <Filter>Resource Files</Filter>
    </Image>
    <Image Include="res\native_woman.bmp">
      <Filter>Resource Files</Filter>
    </Image>
    <Image Include="res\pitfall.bmp">
      <Filter>Resource Files</Filter>
    </Image>
    <Image Include="res\root.bmp">
      <Filter>Resource Files</Filter>
    </Image>
    <Image Include="res\rum.bmp">
      <Filter>Resource Files</Filter>
    </Image>
    <Image Include="res\treasure.bmp">
      <Filter>Resource Files</Filter>
    </Image>
    <Image Include="res\water.bmp">
      <Filter>Resource Files</Filter>
    </Image>
  </ItemGroup>
  <ItemGroup>
    <None Include="jackal.json" />
  </ItemGroup>
</Project>